
Microsoft Visual Studio Solution File, Format Version 12.00
# Visual Studio Version 16
VisualStudioVersion = 16.0.32106.194
MinimumVisualStudioVersion = 10.0.40219.1
Project("{FAE04EC0-301F-11D3-BF4B-00C04F79EFBC}") = "WHATSAPPTEST", "WHATSAPPTEST\WHATSAPPTEST.csproj", "{6160D55A-1633-460D-88D8-0BA80F1E1765}"
EndProject
Global
	GlobalSection(SolutionConfigurationPlatforms) = preSolution
		Debug|Any CPU = Debug|Any CPU
		Release|Any CPU = Release|Any CPU
	EndGlobalSection
	GlobalSection(ProjectConfigurationPlatforms) = postSolution
		{6160D55A-1633-460D-88D8-0BA80F1E1765}.Debug|Any CPU.ActiveCfg = Debug|Any CPU
		{6160D55A-1633-460D-88D8-0BA80F1E1765}.Debug|Any CPU.Build.0 = Debug|Any CPU
		{6160D55A-1633-460D-88D8-0BA80F1E1765}.Release|Any CPU.ActiveCfg = Release|Any CPU
		{6160D55A-1633-460D-88D8-0BA80F1E1765}.Release|Any CPU.Build.0 = Release|Any CPU
	EndGlobalSection
	GlobalSection(SolutionProperties) = preSolution
		HideSolutionNode = FALSE
	EndGlobalSection
	GlobalSection(ExtensibilityGlobals) = postSolution
		SolutionGuid = {6C322B57-07E9-4EDF-8863-1FD4E9F5D8B2}
	EndGlobalSection
EndGlobal
